
Microsoft Visual Studio Solution File, Format Version 12.00
# Visual Studio 14
VisualStudioVersion = 14.0.25420.1
MinimumVisualStudioVersion = 10.0.40219.1
Project("{A07B5EB6-E848-4116-A8D0-A826331D98C6}") = "PubSubActor1", "PubSubActor1\PubSubActor1.sfproj", "{ECE24CC1-38D3-4378-AD5E-82E855DED8A8}"
EndProject
Project("{FAE04EC0-301F-11D3-BF4B-00C04F79EFBC}") = "DataContracts", "DataContracts\DataContracts.csproj", "{0D929DD3-0E84-4F66-BEB3-6CFC061B14FF}"
EndProject
Project("{FAE04EC0-301F-11D3-BF4B-00C04F79EFBC}") = "ClientApplication", "ClientApplication\ClientApplication.csproj", "{49E33347-DCC5-4F84-B46C-126CE0E190A9}"
EndProject
Project("{FAE04EC0-301F-11D3-BF4B-00C04F79EFBC}") = "BrokerActor2", "BrokerActor2\BrokerActor2.csproj", "{E9EC2712-7F7C-47CA-A90C-BD92BB2FB533}"
EndProject
Project("{FAE04EC0-301F-11D3-BF4B-00C04F79EFBC}") = "BrokerActor2.Interfaces", "BrokerActor2.Interfaces\BrokerActor2.Interfaces.csproj", "{C21DE92B-4671-4058-BD56-AE1B74327324}"
EndProject
Project("{FAE04EC0-301F-11D3-BF4B-00C04F79EFBC}") = "PubkSubRelayActor", "PubkSubRelayActor\PubkSubRelayActor.csproj", "{8E7584E1-9542-4360-8E24-85D292EE336A}"
EndProject
Project("{FAE04EC0-301F-11D3-BF4B-00C04F79EFBC}") = "PubkSubRelayActor.Interfaces", "PubkSubRelayActor.Interfaces\PubkSubRelayActor.Interfaces.csproj", "{965C8961-BE0D-41E7-9882-42E45C54F17B}"
EndProject
Project("{FAE04EC0-301F-11D3-BF4B-00C04F79EFBC}") = "PublishingStatelessService", "PublishingStatelessService\PublishingStatelessService.csproj", "{2B48E92F-E961-4331-828A-4A2653A1CC3F}"
EndProject
Project("{FAE04EC0-301F-11D3-BF4B-00C04F79EFBC}") = "SubscribingActors", "SubscribingActors\SubscribingActors.csproj", "{585DF853-83AF-4D9E-BC3A-F70C078FA15B}"
EndProject
Project("{FAE04EC0-301F-11D3-BF4B-00C04F79EFBC}") = "SubscribingActors.Interfaces", "SubscribingActors.Interfaces\SubscribingActors.Interfaces.csproj", "{52F3AE1D-F424-43D9-BE87-4E1C1BA68AA2}"
EndProject
Global
	GlobalSection(SolutionConfigurationPlatforms) = preSolution
		Debug|Any CPU = Debug|Any CPU
		Debug|x64 = Debug|x64
		Release|Any CPU = Release|Any CPU
		Release|x64 = Release|x64
	EndGlobalSection
	GlobalSection(ProjectConfigurationPlatforms) = postSolution
		{ECE24CC1-38D3-4378-AD5E-82E855DED8A8}.Debug|Any CPU.ActiveCfg = Debug|x64
		{ECE24CC1-38D3-4378-AD5E-82E855DED8A8}.Debug|x64.ActiveCfg = Debug|x64
		{ECE24CC1-38D3-4378-AD5E-82E855DED8A8}.Debug|x64.Build.0 = Debug|x64
		{ECE24CC1-38D3-4378-AD5E-82E855DED8A8}.Debug|x64.Deploy.0 = Debug|x64
		{ECE24CC1-38D3-4378-AD5E-82E855DED8A8}.Release|Any CPU.ActiveCfg = Release|x64
		{ECE24CC1-38D3-4378-AD5E-82E855DED8A8}.Release|x64.ActiveCfg = Release|x64
		{ECE24CC1-38D3-4378-AD5E-82E855DED8A8}.Release|x64.Build.0 = Release|x64
		{ECE24CC1-38D3-4378-AD5E-82E855DED8A8}.Release|x64.Deploy.0 = Release|x64
		{0D929DD3-0E84-4F66-BEB3-6CFC061B14FF}.Debug|Any CPU.ActiveCfg = Debug|Any CPU
		{0D929DD3-0E84-4F66-BEB3-6CFC061B14FF}.Debug|Any CPU.Build.0 = Debug|Any CPU
		{0D929DD3-0E84-4F66-BEB3-6CFC061B14FF}.Debug|x64.ActiveCfg = Debug|Any CPU
		{0D929DD3-0E84-4F66-BEB3-6CFC061B14FF}.Debug|x64.Build.0 = Debug|Any CPU
		{0D929DD3-0E84-4F66-BEB3-6CFC061B14FF}.Release|Any CPU.ActiveCfg = Release|Any CPU
		{0D929DD3-0E84-4F66-BEB3-6CFC061B14FF}.Release|Any CPU.Build.0 = Release|Any CPU
		{0D929DD3-0E84-4F66-BEB3-6CFC061B14FF}.Release|x64.ActiveCfg = Release|Any CPU
		{0D929DD3-0E84-4F66-BEB3-6CFC061B14FF}.Release|x64.Build.0 = Release|Any CPU
		{49E33347-DCC5-4F84-B46C-126CE0E190A9}.Debug|Any CPU.ActiveCfg = Debug|Any CPU
		{49E33347-DCC5-4F84-B46C-126CE0E190A9}.Debug|Any CPU.Build.0 = Debug|Any CPU
		{49E33347-DCC5-4F84-B46C-126CE0E190A9}.Debug|x64.ActiveCfg = Debug|Any CPU
		{49E33347-DCC5-4F84-B46C-126CE0E190A9}.Debug|x64.Build.0 = Debug|Any CPU
		{49E33347-DCC5-4F84-B46C-126CE0E190A9}.Release|Any CPU.ActiveCfg = Release|Any CPU
		{49E33347-DCC5-4F84-B46C-126CE0E190A9}.Release|Any CPU.Build.0 = Release|Any CPU
		{49E33347-DCC5-4F84-B46C-126CE0E190A9}.Release|x64.ActiveCfg = Release|Any CPU
		{49E33347-DCC5-4F84-B46C-126CE0E190A9}.Release|x64.Build.0 = Release|Any CPU
		{E9EC2712-7F7C-47CA-A90C-BD92BB2FB533}.Debug|Any CPU.ActiveCfg = Debug|x64
		{E9EC2712-7F7C-47CA-A90C-BD92BB2FB533}.Debug|x64.ActiveCfg = Debug|x64
		{E9EC2712-7F7C-47CA-A90C-BD92BB2FB533}.Debug|x64.Build.0 = Debug|x64
		{E9EC2712-7F7C-47CA-A90C-BD92BB2FB533}.Release|Any CPU.ActiveCfg = Release|x64
		{E9EC2712-7F7C-47CA-A90C-BD92BB2FB533}.Release|x64.ActiveCfg = Release|x64
		{E9EC2712-7F7C-47CA-A90C-BD92BB2FB533}.Release|x64.Build.0 = Release|x64
		{C21DE92B-4671-4058-BD56-AE1B74327324}.Debug|Any CPU.ActiveCfg = Debug|x64
		{C21DE92B-4671-4058-BD56-AE1B74327324}.Debug|x64.ActiveCfg = Debug|x64
		{C21DE92B-4671-4058-BD56-AE1B74327324}.Debug|x64.Build.0 = Debug|x64
		{C21DE92B-4671-4058-BD56-AE1B74327324}.Release|Any CPU.ActiveCfg = Release|x64
		{C21DE92B-4671-4058-BD56-AE1B74327324}.Release|x64.ActiveCfg = Release|x64
		{C21DE92B-4671-4058-BD56-AE1B74327324}.Release|x64.Build.0 = Release|x64
		{8E7584E1-9542-4360-8E24-85D292EE336A}.Debug|Any CPU.ActiveCfg = Debug|x64
		{8E7584E1-9542-4360-8E24-85D292EE336A}.Debug|x64.ActiveCfg = Debug|x64
		{8E7584E1-9542-4360-8E24-85D292EE336A}.Debug|x64.Build.0 = Debug|x64
		{8E7584E1-9542-4360-8E24-85D292EE336A}.Release|Any CPU.ActiveCfg = Release|x64
		{8E7584E1-9542-4360-8E24-85D292EE336A}.Release|x64.ActiveCfg = Release|x64
		{8E7584E1-9542-4360-8E24-85D292EE336A}.Release|x64.Build.0 = Release|x64
		{965C8961-BE0D-41E7-9882-42E45C54F17B}.Debug|Any CPU.ActiveCfg = Debug|x64
		{965C8961-BE0D-41E7-9882-42E45C54F17B}.Debug|x64.ActiveCfg = Debug|x64
		{965C8961-BE0D-41E7-9882-42E45C54F17B}.Debug|x64.Build.0 = Debug|x64
		{965C8961-BE0D-41E7-9882-42E45C54F17B}.Release|Any CPU.ActiveCfg = Release|x64
		{965C8961-BE0D-41E7-9882-42E45C54F17B}.Release|x64.ActiveCfg = Release|x64
		{965C8961-BE0D-41E7-9882-42E45C54F17B}.Release|x64.Build.0 = Release|x64
		{2B48E92F-E961-4331-828A-4A2653A1CC3F}.Debug|Any CPU.ActiveCfg = Debug|x64
		{2B48E92F-E961-4331-828A-4A2653A1CC3F}.Debug|x64.ActiveCfg = Debug|x64
		{2B48E92F-E961-4331-828A-4A2653A1CC3F}.Debug|x64.Build.0 = Debug|x64
		{2B48E92F-E961-4331-828A-4A2653A1CC3F}.Release|Any CPU.ActiveCfg = Release|x64
		{2B48E92F-E961-4331-828A-4A2653A1CC3F}.Release|x64.ActiveCfg = Release|x64
		{2B48E92F-E961-4331-828A-4A2653A1CC3F}.Release|x64.Build.0 = Release|x64
		{585DF853-83AF-4D9E-BC3A-F70C078FA15B}.Debug|Any CPU.ActiveCfg = Debug|x64
		{585DF853-83AF-4D9E-BC3A-F70C078FA15B}.Debug|x64.ActiveCfg = Debug|x64
		{585DF853-83AF-4D9E-BC3A-F70C078FA15B}.Debug|x64.Build.0 = Debug|x64
		{585DF853-83AF-4D9E-BC3A-F70C078FA15B}.Release|Any CPU.ActiveCfg = Release|x64
		{585DF853-83AF-4D9E-BC3A-F70C078FA15B}.Release|x64.ActiveCfg = Release|x64
		{585DF853-83AF-4D9E-BC3A-F70C078FA15B}.Release|x64.Build.0 = Release|x64
		{52F3AE1D-F424-43D9-BE87-4E1C1BA68AA2}.Debug|Any CPU.ActiveCfg = Debug|x64
		{52F3AE1D-F424-43D9-BE87-4E1C1BA68AA2}.Debug|x64.ActiveCfg = Debug|x64
		{52F3AE1D-F424-43D9-BE87-4E1C1BA68AA2}.Debug|x64.Build.0 = Debug|x64
		{52F3AE1D-F424-43D9-BE87-4E1C1BA68AA2}.Release|Any CPU.ActiveCfg = Release|x64
		{52F3AE1D-F424-43D9-BE87-4E1C1BA68AA2}.Release|x64.ActiveCfg = Release|x64
		{52F3AE1D-F424-43D9-BE87-4E1C1BA68AA2}.Release|x64.Build.0 = Release|x64
	EndGlobalSection
	GlobalSection(SolutionProperties) = preSolution
		HideSolutionNode = FALSE
	EndGlobalSection
EndGlobal
